{
  "name": "amadil",
  "version": "1.3.0",
  "lockfileVersion": 2,
  "requires": true,
  "packages": {
    "": {
      "name": "amadil",
      "version": "1.3.0",
      "license": "ISC",
      "bin": {
        "component": "componentConstractor.js",
        "page": "pageConstractor.js",
        "start": "index.js"
      }
    }
  }
}
